{
  "lockfileVersion": 1,
  "workspaces": {
    "": {
      "name": "tokenless-workspace"
    },
    "packages/cli": {
      "name": "@kswork2001/tokenless",
      "version": "0.1.31",
      "bin": {
        "TokenLess": "bin/distill.js"
      },
      "optionalDependencies": {
        "@kswork2001/tokenless-darwin-arm64": "0.1.0",
        "@kswork2001/tokenless-darwin-x64": "0.1.0",
        "@kswork2001/tokenless-linux-arm64": "0.1.0",
        "@kswork2001/tokenless-linux-x64": "0.1.0"
      }
    },
    "packages/distill-darwin-arm64": {
      "name": "@kswork2001/tokenless-darwin-arm64",
      "version": "0.1.31"
    },
    "packages/distill-darwin-x64": {
      "name": "@kswork2001/tokenless-darwin-x64",
      "version": "0.1.31"
    },
    "packages/distill-linux-arm64": {
      "name": "@kswork2001/tokenless-linux-arm64",
      "version": "0.1.31"
    },
    "packages/distill-linux-x64": {
      "name": "@kswork2001/tokenless-linux-x64",
      "version": "0.1.31"
    }
  },
  "packages": {
    "@kswork2001/tokenless": ["@kswork2001/tokenless@workspace:packages/cli"],
    "@kswork2001/tokenless-darwin-arm64": ["@kswork2001/tokenless-darwin-arm64@workspace:packages/distill-darwin-arm64"],
    "@kswork2001/tokenless-darwin-x64": ["@kswork2001/tokenless-darwin-x64@workspace:packages/distill-darwin-x64"],
    "@kswork2001/tokenless-linux-arm64": ["@kswork2001/tokenless-linux-arm64@workspace:packages/distill-linux-arm64"],
    "@kswork2001/tokenless-linux-x64": ["@kswork2001/tokenless-linux-x64@workspace:packages/distill-linux-x64"]
  }
}
